
Microsoft Visual Studio Solution File, Format Version 12.00
# Visual Studio Version 16
VisualStudioVersion = 16.0.31019.35
MinimumVisualStudioVersion = 10.0.40219.1
Project("{FAE04EC0-301F-11D3-BF4B-00C04F79EFBC}") = "TrackerLibrary", "TrackerLibrary\TrackerLibrary.csproj", "{7B8E451F-F101-44E4-9644-483D06B1CE71}"
EndProject
Project("{FAE04EC0-301F-11D3-BF4B-00C04F79EFBC}") = "TrackerUI", "TrackerUI\TrackerUI.csproj", "{81B41C15-9B43-46EB-B4F4-9E89D5BB3CE5}"
EndProject
Global
	GlobalSection(SolutionConfigurationPlatforms) = preSolution
		Debug|Any CPU = Debug|Any CPU
		Release|Any CPU = Release|Any CPU
	EndGlobalSection
	GlobalSection(ProjectConfigurationPlatforms) = postSolution
		{7B8E451F-F101-44E4-9644-483D06B1CE71}.Debug|Any CPU.ActiveCfg = Debug|Any CPU
		{7B8E451F-F101-44E4-9644-483D06B1CE71}.Debug|Any CPU.Build.0 = Debug|Any CPU
		{7B8E451F-F101-44E4-9644-483D06B1CE71}.Release|Any CPU.ActiveCfg = Release|Any CPU
		{7B8E451F-F101-44E4-9644-483D06B1CE71}.Release|Any CPU.Build.0 = Release|Any CPU
		{81B41C15-9B43-46EB-B4F4-9E89D5BB3CE5}.Debug|Any CPU.ActiveCfg = Debug|Any CPU
		{81B41C15-9B43-46EB-B4F4-9E89D5BB3CE5}.Debug|Any CPU.Build.0 = Debug|Any CPU
		{81B41C15-9B43-46EB-B4F4-9E89D5BB3CE5}.Release|Any CPU.ActiveCfg = Release|Any CPU
		{81B41C15-9B43-46EB-B4F4-9E89D5BB3CE5}.Release|Any CPU.Build.0 = Release|Any CPU
	EndGlobalSection
	GlobalSection(SolutionProperties) = preSolution
		HideSolutionNode = FALSE
	EndGlobalSection
	GlobalSection(ExtensibilityGlobals) = postSolution
		SolutionGuid = {51E66908-E532-43CA-B98C-0E28B894514A}
	EndGlobalSection
EndGlobal
